// !$*UTF8*$!
{
	archiveVersion = 1;
	classes = {
	};
	objectVersion = 46;
	objects = {

/* Begin PBXBuildFile section */
		E7171C361BF3D3BB000E2AD9 /* AppDelegate.swift in Sources */ = {isa = PBXBuildFile; fileRef = E7171C351BF3D3BB000E2AD9 /* AppDelegate.swift */; };
		E7171C381BF3D3BB000E2AD9 /* ViewController.swift in Sources */ = {isa = PBXBuildFile; fileRef = E7171C371BF3D3BB000E2AD9 /* ViewController.swift */; };
		E7171C3B1BF3D3BB000E2AD9 /* Main.storyboard in Resources */ = {isa = PBXBuildFile; fileRef = E7171C391BF3D3BB000E2AD9 /* Main.storyboard */; };
		E7171C3D1BF3D3BB000E2AD9 /* Assets.xcassets in Resources */ = {isa = PBXBuildFile; fileRef = E7171C3C1BF3D3BB000E2AD9 /* Assets.xcassets */; };
		E7171C401BF3D3BB000E2AD9 /* LaunchScreen.storyboard in Resources */ = {isa = PBXBuildFile; fileRef = E7171C3E1BF3D3BB000E2AD9 /* LaunchScreen.storyboard */; };
/* End PBXBuildFile section */

/* Begin PBXFileReference section */
		E7171C321BF3D3BB000E2AD9 /* EZAudioDemo.app */ = {isa = PBXFileReference; explicitFileType = wrapper.application; includeInIndex = 0; path = EZAudioDemo.app; sourceTree = BUILT_PRODUCTS_DIR; };
		E7171C351BF3D3BB000E2AD9 /* AppDelegate.swift */ = {isa = PBXFileReference; lastKnownFileType = sourcecode.swift; path = AppDelegate.swift; sourceTree = "<group>"; };
		E7171C371BF3D3BB000E2AD9 /* ViewController.swift */ = {isa = PBXFileReference; lastKnownFileType = sourcecode.swift; path = ViewController.swift; sourceTree = "<group>"; };
		E7171C3A1BF3D3BB000E2AD9 /* Base */ = {isa = PBXFileReference; lastKnownFileType = file.storyboard; name = Base; path = Base.lproj/Main.storyboard; sourceTree = "<group>"; };
		E7171C3C1BF3D3BB000E2AD9 /* Assets.xcassets */ = {isa = PBXFileReference; lastKnownFileType = folder.assetcatalog; path = Assets.xcassets; sourceTree = "<group>"; };
		E7171C3F1BF3D3BB000E2AD9 /* Base */ = {isa = PBXFileReference; lastKnownFileType = file.storyboard; name = Base; path = Base.lproj/LaunchScreen.storyboard; sourceTree = "<group>"; };
		E7171C411BF3D3BB000E2AD9 /* Info.plist */ = {isa = PBXFileReference; lastKnownFileType = text.plist.xml; path = Info.plist; sourceTree = "<group>"; };
/* End PBXFileReference section */

/* Begin PBXFrameworksBuildPhase section */
		E7171C2F1BF3D3BB000E2AD9 /* Frameworks */ = {
			isa = PBXFrameworksBuildPhase;
			buildActionMask = 2147483647;
			files = (
			);
			runOnlyForDeploymentPostprocessing = 0;
		};
/* End PBXFrameworksBuildPhase section */

/* Begin PBXGroup section */
		E7171C291BF3D3BB000E2AD9 = {
			isa = PBXGroup;
			children = (
				E7171C341BF3D3BB000E2AD9 /* EZAudioDemo */,
				E7171C331BF3D3BB000E2AD9 /* Products */,
			);
			sourceTree = "<group>";
		};
		E7171C331BF3D3BB000E2AD9 /* Products */ = {
			isa = PBXGroup;
			children = (
				E7171C321BF3D3BB000E2AD9 /* EZAudioDemo.app */,
			);
			name = Products;
			sourceTree = "<group>";
		};
		E7171C341BF3D3BB000E2AD9 /* EZAudioDemo */ = {
			isa = PBXGroup;
			children = (
				E7171C351BF3D3BB000E2AD9 /* AppDelegate.swift */,
				E7171C371BF3D3BB000E2AD9 /* ViewController.swift */,
				E7171C391BF3D3BB000E2AD9 /* Main.storyboard */,
				E7171C3C1BF3D3BB000E2AD9 /* Assets.xcassets */,
				E7171C3E1BF3D3BB000E2AD9 /* LaunchScreen.storyboard */,
				E7171C411BF3D3BB000E2AD9 /* Info.plist */,
			);
			path = EZAudioDemo;
			sourceTree = "<group>";
		};
/* End PBXGroup section */

/* Begin PBXNativeTarget section */
		E7171C311BF3D3BB000E2AD9 /* EZAudioDemo */ = {
			isa = PBXNativeTarget;
			buildConfigurationList = E7171C441BF3D3BB000E2AD9 /* Build configuration list for PBXNativeTarget "EZAudioDemo" */;
			buildPhases = (
				E7171C2E1BF3D3BB000E2AD9 /* Sources */,
				E7171C2F1BF3D3BB000E2AD9 /* Frameworks */,
				E7171C301BF3D3BB000E2AD9 /* Resources */,
			);
			buildRules = (
			);
			dependencies = (
			);
			name = EZAudioDemo;
			productName = EZAudioDemo;
			productReference = E7171C321BF3D3BB000E2AD9 /* EZAudioDemo.app */;
			productType = "com.apple.product-type.application";
		};
/* End PBXNativeTarget section */

/* Begin PBXProject section */
		E7171C2A1BF3D3BB000E2AD9 /* Project object */ = {
			isa = PBXProject;
			attributes = {
				LastSwiftUpdateCheck = 0710;
				LastUpgradeCheck = 0710;
				ORGANIZATIONNAME = "Tutor Clan";
				TargetAttributes = {
					E7171C311BF3D3BB000E2AD9 = {
						CreatedOnToolsVersion = 7.1;
					};
				};
			};
			buildConfigurationList = E7171C2D1BF3D3BB000E2AD9 /* Build configuration list for PBXProject "EZAudioDemo" */;
			compatibilityVersion = "Xcode 3.2";
			developmentRegion = English;
			hasScannedForEncodings = 0;
			knownRegions = (
				en,
				Base,
			);
			mainGroup = E7171C291BF3D3BB000E2AD9;
			productRefGroup = E7171C331BF3D3BB000E2AD9 /* Products */;
			projectDirPath = "";
			projectRoot = "";
			targets = (
				E7171C311BF3D3BB000E2AD9 /* EZAudioDemo */,
			);
		};
/* End PBXProject section */

/* Begin PBXResourcesBuildPhase section */
		E7171C301BF3D3BB000E2AD9 /* Resources */ = {
			isa = PBXResourcesBuildPhase;
			buildActionMask = 2147483647;
			files = (
				E7171C401BF3D3BB000E2AD9 /* LaunchScreen.storyboard in Resources */,
				E7171C3D1BF3D3BB000E2AD9 /* Assets.xcassets in Resources */,
				E7171C3B1BF3D3BB000E2AD9 /* Main.storyboard in Resources */,
			);
			runOnlyForDeploymentPostprocessing = 0;
		};
/* End PBXResourcesBuildPhase section */

/* Begin PBXSourcesBuildPhase section */
		E7171C2E1BF3D3BB000E2AD9 /* Sources */ = {
			isa = PBXSourcesBuildPhase;
			buildActionMask = 2147483647;
			files = (
				E7171C381BF3D3BB000E2AD9 /* ViewController.swift in Sources */,
				E7171C361BF3D3BB000E2AD9 /* AppDelegate.swift in Sources */,
			);
			runOnlyForDeploymentPostprocessing = 0;
		};
/* End PBXSourcesBuildPhase section */

/* Begin PBXVariantGroup section */
		E7171C391BF3D3BB000E2AD9 /* Main.storyboard */ = {
			isa = PBXVariantGroup;
			children = (
				E7171C3A1BF3D3BB000E2AD9 /* Base */,
			);
			name = Main.storyboard;
			sourceTree = "<group>";
		};
		E7171C3E1BF3D3BB000E2AD9 /* LaunchScreen.storyboard */ = {
			isa = PBXVariantGroup;
			children = (
				E7171C3F1BF3D3BB000E2AD9 /* Base */,
			);
			name = LaunchScreen.storyboard;
			sourceTree = "<group>";
		};
/* End PBXVariantGroup section */

/* Begin XCBuildConfiguration section */
		E7171C421BF3D3BB000E2AD9 /* Debug */ = {
			isa = XCBuildConfiguration;
			buildSettings = {
				ALWAYS_SEARCH_USER_PATHS = NO;
				CLANG_CXX_LANGUAGE_STANDARD = "gnu++0x";
				CLANG_CXX_LIBRARY = "libc++";
				CLANG_ENABLE_MODULES = YES;
				CLANG_ENABLE_OBJC_ARC = YES;
				CLANG_WARN_BOOL_CONVERSION = YES;
				CLANG_WARN_CONSTANT_CONVERSION = YES;
				CLANG_WARN_DIRECT_OBJC_ISA_USAGE = YES_ERROR;
				CLANG_WARN_EMPTY_BODY = YES;
				CLANG_WARN_ENUM_CONVERSION = YES;
				CLANG_WARN_INT_CONVERSION = YES;
				CLANG_WARN_OBJC_ROOT_CLASS = YES_ERROR;
				CLANG_WARN_UNREACHABLE_CODE = YES;
				CLANG_WARN__DUPLICATE_METHOD_MATCH = YES;
				"CODE_SIGN_IDENTITY[sdk=iphoneos*]" = "iPhone Developer";
				COPY_PHASE_STRIP = NO;
				DEBUG_INFORMATION_FORMAT = dwarf;
				ENABLE_STRICT_OBJC_MSGSEND = YES;
				ENABLE_TESTABILITY = YES;
				GCC_C_LANGUAGE_STANDARD = gnu99;
				GCC_DYNAMIC_NO_PIC = NO;
				GCC_NO_COMMON_BLOCKS = YES;
				GCC_OPTIMIZATION_LEVEL = 0;
				GCC_PREPROCESSOR_DEFINITIONS = (
					"DEBUG=1",
					"$(inherited)",
				);
				GCC_WARN_64_TO_32_BIT_CONVERSION = YES;
				GCC_WARN_ABOUT_RETURN_TYPE = YES_ERROR;
				GCC_WARN_UNDECLARED_SELECTOR = YES;
				GCC_WARN_UNINITIALIZED_AUTOS = YES_AGGRESSIVE;
				GCC_WARN_UNUSED_FUNCTION = YES;
				GCC_WARN_UNUSED_VARIABLE = YES;
				IPHONEOS_DEPLOYMENT_TARGET = 9.1;
				MTL_ENABLE_DEBUG_INFO = YES;
				ONLY_ACTIVE_ARCH = YES;
				SDKROOT = iphoneos;
				SWIFT_OPTIMIZATION_LEVEL = "-Onone";
			};
			name = Debug;
		};
		E7171C431BF3D3BB000E2AD9 /* Release */ = {
			isa = XCBuildConfiguration;
			buildSettings = {
				ALWAYS_SEARCH_USER_PATHS = NO;
				CLANG_CXX_LANGUAGE_STANDARD = "gnu++0x";
				CLANG_CXX_LIBRARY = "libc++";
				CLANG_ENABLE_MODULES = YES;
				CLANG_ENABLE_OBJC_ARC = YES;
				CLANG_WARN_BOOL_CONVERSION = YES;
				CLANG_WARN_CONSTANT_CONVERSION = YES;
				CLANG_WARN_DIRECT_OBJC_ISA_USAGE = YES_ERROR;
				CLANG_WARN_EMPTY_BODY = YES;
				CLANG_WARN_ENUM_CONVERSION = YES;
				CLANG_WARN_INT_CONVERSION = YES;
				CLANG_WARN_OBJC_ROOT_CLASS = YES_ERROR;
				CLANG_WARN_UNREACHABLE_CODE = YES;
				CLANG_WARN__DUPLICATE_METHOD_MATCH = YES;
				"CODE_SIGN_IDENTITY[sdk=iphoneos*]" = "iPhone Developer";
				COPY_PHASE_STRIP = NO;
				DEBUG_INFORMATION_FORMAT = "dwarf-with-dsym";
				ENABLE_NS_ASSERTIONS = NO;
				ENABLE_STRICT_OBJC_MSGSEND = YES;
				GCC_C_LANGUAGE_STANDARD = gnu99;
				GCC_NO_COMMON_BLOCKS = YES;
				GCC_WARN_64_TO_32_BIT_CONVERSION = YES;
				GCC_WARN_ABOUT_RETURN_TYPE = YES_ERROR;
				GCC_WARN_UNDECLARED_SELECTOR = YES;
				GCC_WARN_UNINITIALIZED_AUTOS = YES_AGGRESSIVE;
				GCC_WARN_UNUSED_FUNCTION = YES;
				GCC_WARN_UNUSED_VARIABLE = YES;
				IPHONEOS_DEPLOYMENT_TARGET = 9.1;
				MTL_ENABLE_DEBUG_INFO = NO;
				SDKROOT = iphoneos;
				VALIDATE_PRODUCT = YES;
			};
			name = Release;
		};
		E7171C451BF3D3BB000E2AD9 /* Debug */ = {
			isa = XCBuildConfiguration;
			buildSettings = {
				ASSETCATALOG_COMPILER_APPICON_NAME = AppIcon;
				INFOPLIST_FILE = EZAudioDemo/Info.plist;
				LD_RUNPATH_SEARCH_PATHS = "$(inherited) @executable_path/Frameworks";
				PRODUCT_BUNDLE_IDENTIFIER = com.tutorclan.EZAudioDemo;
				PRODUCT_NAME = "$(TARGET_NAME)";
			};
			name = Debug;
		};
		E7171C461BF3D3BB000E2AD9 /* Release */ = {
			isa = XCBuildConfiguration;
			buildSettings = {
				ASSETCATALOG_COMPILER_APPICON_NAME = AppIcon;
				INFOPLIST_FILE = EZAudioDemo/Info.plist;
				LD_RUNPATH_SEARCH_PATHS = "$(inherited) @executable_path/Frameworks";
				PRODUCT_BUNDLE_IDENTIFIER = com.tutorclan.EZAudioDemo;
				PRODUCT_NAME = "$(TARGET_NAME)";
			};
			name = Release;
		};
/* End XCBuildConfiguration section */

/* Begin XCConfigurationList section */
		E7171C2D1BF3D3BB000E2AD9 /* Build configuration list for PBXProject "EZAudioDemo" */ = {
			isa = XCConfigurationList;
			buildConfigurations = (
				E7171C421BF3D3BB000E2AD9 /* Debug */,
				E7171C431BF3D3BB000E2AD9 /* Release */,
			);
			defaultConfigurationIsVisible = 0;
			defaultConfigurationName = Release;
		};
		E7171C441BF3D3BB000E2AD9 /* Build configuration list for PBXNativeTarget "EZAudioDemo" */ = {
			isa = XCConfigurationList;
			buildConfigurations = (
				E7171C451BF3D3BB000E2AD9 /* Debug */,
				E7171C461BF3D3BB000E2AD9 /* Release */,
			);
			defaultConfigurationIsVisible = 0;
		};
/* End XCConfigurationList section */
	};
	rootObject = E7171C2A1BF3D3BB000E2AD9 /* Project object */;
}
